// !$*UTF8*$!
{
	archiveVersion = 1;
	classes = {
	};
	objectVersion = 55;
	objects = {

/* Begin PBXBuildFile section */
		DFA0740B2976D63500E0FF33 /* AppDelegate.swift in Sources */ = {isa = PBXBuildFile; fileRef = DFA0740A2976D63500E0FF33 /* AppDelegate.swift */; };
		DFA0740F2976D63500E0FF33 /* WeatherViewController.swift in Sources */ = {isa = PBXBuildFile; fileRef = DFA0740E2976D63500E0FF33 /* WeatherViewController.swift */; };
		DFA074142976D63600E0FF33 /* Assets.xcassets in Resources */ = {isa = PBXBuildFile; fileRef = DFA074132976D63600E0FF33 /* Assets.xcassets */; };
		DFA074172976D63600E0FF33 /* LaunchScreen.storyboard in Resources */ = {isa = PBXBuildFile; fileRef = DFA074152976D63600E0FF33 /* LaunchScreen.storyboard */; };
		DFA074202976DEA800E0FF33 /* SnapKit in Frameworks */ = {isa = PBXBuildFile; productRef = DFA0741F2976DEA800E0FF33 /* SnapKit */; };
		DFD952BA297A7DB000AE8F2D /* WeatherData.swift in Sources */ = {isa = PBXBuildFile; fileRef = DFD952B9297A7DB000AE8F2D /* WeatherData.swift */; };
		DFD952BC297A7DE300AE8F2D /* WeatherModel.swift in Sources */ = {isa = PBXBuildFile; fileRef = DFD952BB297A7DE300AE8F2D /* WeatherModel.swift */; };
		DFD952BE297A7E5100AE8F2D /* WeatherService.swift in Sources */ = {isa = PBXBuildFile; fileRef = DFD952BD297A7E5100AE8F2D /* WeatherService.swift */; };
		DFD952C0297AB17B00AE8F2D /* Extensions.swift in Sources */ = {isa = PBXBuildFile; fileRef = DFD952BF297AB17B00AE8F2D /* Extensions.swift */; };
/* End PBXBuildFile section */

/* Begin PBXFileReference section */
		DFA074072976D63500E0FF33 /* Weathery.app */ = {isa = PBXFileReference; explicitFileType = wrapper.application; includeInIndex = 0; path = Weathery.app; sourceTree = BUILT_PRODUCTS_DIR; };
		DFA0740A2976D63500E0FF33 /* AppDelegate.swift */ = {isa = PBXFileReference; lastKnownFileType = sourcecode.swift; path = AppDelegate.swift; sourceTree = "<group>"; };
		DFA0740E2976D63500E0FF33 /* WeatherViewController.swift */ = {isa = PBXFileReference; lastKnownFileType = sourcecode.swift; path = WeatherViewController.swift; sourceTree = "<group>"; };
		DFA074132976D63600E0FF33 /* Assets.xcassets */ = {isa = PBXFileReference; lastKnownFileType = folder.assetcatalog; path = Assets.xcassets; sourceTree = "<group>"; };
		DFA074162976D63600E0FF33 /* Base */ = {isa = PBXFileReference; lastKnownFileType = file.storyboard; name = Base; path = Base.lproj/LaunchScreen.storyboard; sourceTree = "<group>"; };
		DFA074182976D63600E0FF33 /* Info.plist */ = {isa = PBXFileReference; lastKnownFileType = text.plist.xml; path = Info.plist; sourceTree = "<group>"; };
		DFD952B9297A7DB000AE8F2D /* WeatherData.swift */ = {isa = PBXFileReference; lastKnownFileType = sourcecode.swift; path = WeatherData.swift; sourceTree = "<group>"; };
		DFD952BB297A7DE300AE8F2D /* WeatherModel.swift */ = {isa = PBXFileReference; lastKnownFileType = sourcecode.swift; path = WeatherModel.swift; sourceTree = "<group>"; };
		DFD952BD297A7E5100AE8F2D /* WeatherService.swift */ = {isa = PBXFileReference; lastKnownFileType = sourcecode.swift; path = WeatherService.swift; sourceTree = "<group>"; };
		DFD952BF297AB17B00AE8F2D /* Extensions.swift */ = {isa = PBXFileReference; lastKnownFileType = sourcecode.swift; path = Extensions.swift; sourceTree = "<group>"; };
/* End PBXFileReference section */

/* Begin PBXFrameworksBuildPhase section */
		DFA074042976D63500E0FF33 /* Frameworks */ = {
			isa = PBXFrameworksBuildPhase;
			buildActionMask = 2147483647;
			files = (
				DFA074202976DEA800E0FF33 /* SnapKit in Frameworks */,
			);
			runOnlyForDeploymentPostprocessing = 0;
		};
/* End PBXFrameworksBuildPhase section */

/* Begin PBXGroup section */
		DFA073FE2976D63500E0FF33 = {
			isa = PBXGroup;
			children = (
				DFA074092976D63500E0FF33 /* Weathery */,
				DFA074082976D63500E0FF33 /* Products */,
			);
			sourceTree = "<group>";
		};
		DFA074082976D63500E0FF33 /* Products */ = {
			isa = PBXGroup;
			children = (
				DFA074072976D63500E0FF33 /* Weathery.app */,
			);
			name = Products;
			sourceTree = "<group>";
		};
		DFA074092976D63500E0FF33 /* Weathery */ = {
			isa = PBXGroup;
			children = (
				DFA0740A2976D63500E0FF33 /* AppDelegate.swift */,
				DFD952C1297AB5EB00AE8F2D /* WeatherViewController */,
				DFD952C2297AB5FA00AE8F2D /* WeatherData */,
				DFD952C3297AB60700AE8F2D /* WeatherModel */,
				DFD952C4297AB61500AE8F2D /* WeatherService */,
				DFD952C5297AB62500AE8F2D /* Extensions */,
				DFA074132976D63600E0FF33 /* Assets.xcassets */,
				DFA074152976D63600E0FF33 /* LaunchScreen.storyboard */,
				DFA074182976D63600E0FF33 /* Info.plist */,
			);
			path = Weathery;
			sourceTree = "<group>";
		};
		DFD952C1297AB5EB00AE8F2D /* WeatherViewController */ = {
			isa = PBXGroup;
			children = (
				DFA0740E2976D63500E0FF33 /* WeatherViewController.swift */,
			);
			path = WeatherViewController;
			sourceTree = "<group>";
		};
		DFD952C2297AB5FA00AE8F2D /* WeatherData */ = {
			isa = PBXGroup;
			children = (
				DFD952B9297A7DB000AE8F2D /* WeatherData.swift */,
			);
			path = WeatherData;
			sourceTree = "<group>";
		};
		DFD952C3297AB60700AE8F2D /* WeatherModel */ = {
			isa = PBXGroup;
			children = (
				DFD952BB297A7DE300AE8F2D /* WeatherModel.swift */,
			);
			path = WeatherModel;
			sourceTree = "<group>";
		};
		DFD952C4297AB61500AE8F2D /* WeatherService */ = {
			isa = PBXGroup;
			children = (
				DFD952BD297A7E5100AE8F2D /* WeatherService.swift */,
			);
			path = WeatherService;
			sourceTree = "<group>";
		};
		DFD952C5297AB62500AE8F2D /* Extensions */ = {
			isa = PBXGroup;
			children = (
				DFD952BF297AB17B00AE8F2D /* Extensions.swift */,
			);
			path = Extensions;
			sourceTree = "<group>";
		};
/* End PBXGroup section */

/* Begin PBXNativeTarget section */
		DFA074062976D63500E0FF33 /* Weathery */ = {
			isa = PBXNativeTarget;
			buildConfigurationList = DFA0741B2976D63600E0FF33 /* Build configuration list for PBXNativeTarget "Weathery" */;
			buildPhases = (
				DFA074032976D63500E0FF33 /* Sources */,
				DFA074042976D63500E0FF33 /* Frameworks */,
				DFA074052976D63500E0FF33 /* Resources */,
			);
			buildRules = (
			);
			dependencies = (
			);
			name = Weathery;
			packageProductDependencies = (
				DFA0741F2976DEA800E0FF33 /* SnapKit */,
			);
			productName = Weathery;
			productReference = DFA074072976D63500E0FF33 /* Weathery.app */;
			productType = "com.apple.product-type.application";
		};
/* End PBXNativeTarget section */

/* Begin PBXProject section */
		DFA073FF2976D63500E0FF33 /* Project object */ = {
			isa = PBXProject;
			attributes = {
				BuildIndependentTargetsInParallel = 1;
				LastSwiftUpdateCheck = 1340;
				LastUpgradeCheck = 1340;
				TargetAttributes = {
					DFA074062976D63500E0FF33 = {
						CreatedOnToolsVersion = 13.4.1;
					};
				};
			};
			buildConfigurationList = DFA074022976D63500E0FF33 /* Build configuration list for PBXProject "Weathery" */;
			compatibilityVersion = "Xcode 13.0";
			developmentRegion = en;
			hasScannedForEncodings = 0;
			knownRegions = (
				en,
				Base,
			);
			mainGroup = DFA073FE2976D63500E0FF33;
			packageReferences = (
				DFA0741E2976DEA800E0FF33 /* XCRemoteSwiftPackageReference "SnapKit" */,
			);
			productRefGroup = DFA074082976D63500E0FF33 /* Products */;
			projectDirPath = "";
			projectRoot = "";
			targets = (
				DFA074062976D63500E0FF33 /* Weathery */,
			);
		};
/* End PBXProject section */

/* Begin PBXResourcesBuildPhase section */
		DFA074052976D63500E0FF33 /* Resources */ = {
			isa = PBXResourcesBuildPhase;
			buildActionMask = 2147483647;
			files = (
				DFA074172976D63600E0FF33 /* LaunchScreen.storyboard in Resources */,
				DFA074142976D63600E0FF33 /* Assets.xcassets in Resources */,
			);
			runOnlyForDeploymentPostprocessing = 0;
		};
/* End PBXResourcesBuildPhase section */

/* Begin PBXSourcesBuildPhase section */
		DFA074032976D63500E0FF33 /* Sources */ = {
			isa = PBXSourcesBuildPhase;
			buildActionMask = 2147483647;
			files = (
				DFD952BE297A7E5100AE8F2D /* WeatherService.swift in Sources */,
				DFD952C0297AB17B00AE8F2D /* Extensions.swift in Sources */,
				DFA0740F2976D63500E0FF33 /* WeatherViewController.swift in Sources */,
				DFD952BA297A7DB000AE8F2D /* WeatherData.swift in Sources */,
				DFD952BC297A7DE300AE8F2D /* WeatherModel.swift in Sources */,
				DFA0740B2976D63500E0FF33 /* AppDelegate.swift in Sources */,
			);
			runOnlyForDeploymentPostprocessing = 0;
		};
/* End PBXSourcesBuildPhase section */

/* Begin PBXVariantGroup section */
		DFA074152976D63600E0FF33 /* LaunchScreen.storyboard */ = {
			isa = PBXVariantGroup;
			children = (
				DFA074162976D63600E0FF33 /* Base */,
			);
			name = LaunchScreen.storyboard;
			sourceTree = "<group>";
		};
/* End PBXVariantGroup section */

/* Begin XCBuildConfiguration section */
		DFA074192976D63600E0FF33 /* Debug */ = {
			isa = XCBuildConfiguration;
			buildSettings = {
				ALWAYS_SEARCH_USER_PATHS = NO;
				CLANG_ANALYZER_NONNULL = YES;
				CLANG_ANALYZER_NUMBER_OBJECT_CONVERSION = YES_AGGRESSIVE;
				CLANG_CXX_LANGUAGE_STANDARD = "gnu++17";
				CLANG_ENABLE_MODULES = YES;
				CLANG_ENABLE_OBJC_ARC = YES;
				CLANG_ENABLE_OBJC_WEAK = YES;
				CLANG_WARN_BLOCK_CAPTURE_AUTORELEASING = YES;
				CLANG_WARN_BOOL_CONVERSION = YES;
				CLANG_WARN_COMMA = YES;
				CLANG_WARN_CONSTANT_CONVERSION = YES;
				CLANG_WARN_DEPRECATED_OBJC_IMPLEMENTATIONS = YES;
				CLANG_WARN_DIRECT_OBJC_ISA_USAGE = YES_ERROR;
				CLANG_WARN_DOCUMENTATION_COMMENTS = YES;
				CLANG_WARN_EMPTY_BODY = YES;
				CLANG_WARN_ENUM_CONVERSION = YES;
				CLANG_WARN_INFINITE_RECURSION = YES;
				CLANG_WARN_INT_CONVERSION = YES;
				CLANG_WARN_NON_LITERAL_NULL_CONVERSION = YES;
				CLANG_WARN_OBJC_IMPLICIT_RETAIN_SELF = YES;
				CLANG_WARN_OBJC_LITERAL_CONVERSION = YES;
				CLANG_WARN_OBJC_ROOT_CLASS = YES_ERROR;
				CLANG_WARN_QUOTED_INCLUDE_IN_FRAMEWORK_HEADER = YES;
				CLANG_WARN_RANGE_LOOP_ANALYSIS = YES;
				CLANG_WARN_STRICT_PROTOTYPES = YES;
				CLANG_WARN_SUSPICIOUS_MOVE = YES;
				CLANG_WARN_UNGUARDED_AVAILABILITY = YES_AGGRESSIVE;
				CLANG_WARN_UNREACHABLE_CODE = YES;
				CLANG_WARN__DUPLICATE_METHOD_MATCH = YES;
				COPY_PHASE_STRIP = NO;
				DEBUG_INFORMATION_FORMAT = dwarf;
				ENABLE_STRICT_OBJC_MSGSEND = YES;
				ENABLE_TESTABILITY = YES;
				GCC_C_LANGUAGE_STANDARD = gnu11;
				GCC_DYNAMIC_NO_PIC = NO;
				GCC_NO_COMMON_BLOCKS = YES;
				GCC_OPTIMIZATION_LEVEL = 0;
				GCC_PREPROCESSOR_DEFINITIONS = (
					"DEBUG=1",
					"$(inherited)",
				);
				GCC_WARN_64_TO_32_BIT_CONVERSION = YES;
				GCC_WARN_ABOUT_RETURN_TYPE = YES_ERROR;
				GCC_WARN_UNDECLARED_SELECTOR = YES;
				GCC_WARN_UNINITIALIZED_AUTOS = YES_AGGRESSIVE;
				GCC_WARN_UNUSED_FUNCTION = YES;
				GCC_WARN_UNUSED_VARIABLE = YES;
				IPHONEOS_DEPLOYMENT_TARGET = 15.5;
				MTL_ENABLE_DEBUG_INFO = INCLUDE_SOURCE;
				MTL_FAST_MATH = YES;
				ONLY_ACTIVE_ARCH = YES;
				SDKROOT = iphoneos;
				SWIFT_ACTIVE_COMPILATION_CONDITIONS = DEBUG;
				SWIFT_OPTIMIZATION_LEVEL = "-Onone";
			};
			name = Debug;
		};
		DFA0741A2976D63600E0FF33 /* Release */ = {
			isa = XCBuildConfiguration;
			buildSettings = {
				ALWAYS_SEARCH_USER_PATHS = NO;
				CLANG_ANALYZER_NONNULL = YES;
				CLANG_ANALYZER_NUMBER_OBJECT_CONVERSION = YES_AGGRESSIVE;
				CLANG_CXX_LANGUAGE_STANDARD = "gnu++17";
				CLANG_ENABLE_MODULES = YES;
				CLANG_ENABLE_OBJC_ARC = YES;
				CLANG_ENABLE_OBJC_WEAK = YES;
				CLANG_WARN_BLOCK_CAPTURE_AUTORELEASING = YES;
				CLANG_WARN_BOOL_CONVERSION = YES;
				CLANG_WARN_COMMA = YES;
				CLANG_WARN_CONSTANT_CONVERSION = YES;
				CLANG_WARN_DEPRECATED_OBJC_IMPLEMENTATIONS = YES;
				CLANG_WARN_DIRECT_OBJC_ISA_USAGE = YES_ERROR;
				CLANG_WARN_DOCUMENTATION_COMMENTS = YES;
				CLANG_WARN_EMPTY_BODY = YES;
				CLANG_WARN_ENUM_CONVERSION = YES;
				CLANG_WARN_INFINITE_RECURSION = YES;
				CLANG_WARN_INT_CONVERSION = YES;
				CLANG_WARN_NON_LITERAL_NULL_CONVERSION = YES;
				CLANG_WARN_OBJC_IMPLICIT_RETAIN_SELF = YES;
				CLANG_WARN_OBJC_LITERAL_CONVERSION = YES;
				CLANG_WARN_OBJC_ROOT_CLASS = YES_ERROR;
				CLANG_WARN_QUOTED_INCLUDE_IN_FRAMEWORK_HEADER = YES;
				CLANG_WARN_RANGE_LOOP_ANALYSIS = YES;
				CLANG_WARN_STRICT_PROTOTYPES = YES;
				CLANG_WARN_SUSPICIOUS_MOVE = YES;
				CLANG_WARN_UNGUARDED_AVAILABILITY = YES_AGGRESSIVE;
				CLANG_WARN_UNREACHABLE_CODE = YES;
				CLANG_WARN__DUPLICATE_METHOD_MATCH = YES;
				COPY_PHASE_STRIP = NO;
				DEBUG_INFORMATION_FORMAT = "dwarf-with-dsym";
				ENABLE_NS_ASSERTIONS = NO;
				ENABLE_STRICT_OBJC_MSGSEND = YES;
				GCC_C_LANGUAGE_STANDARD = gnu11;
				GCC_NO_COMMON_BLOCKS = YES;
				GCC_WARN_64_TO_32_BIT_CONVERSION = YES;
				GCC_WARN_ABOUT_RETURN_TYPE = YES_ERROR;
				GCC_WARN_UNDECLARED_SELECTOR = YES;
				GCC_WARN_UNINITIALIZED_AUTOS = YES_AGGRESSIVE;
				GCC_WARN_UNUSED_FUNCTION = YES;
				GCC_WARN_UNUSED_VARIABLE = YES;
				IPHONEOS_DEPLOYMENT_TARGET = 15.5;
				MTL_ENABLE_DEBUG_INFO = NO;
				MTL_FAST_MATH = YES;
				SDKROOT = iphoneos;
				SWIFT_COMPILATION_MODE = wholemodule;
				SWIFT_OPTIMIZATION_LEVEL = "-O";
				VALIDATE_PRODUCT = YES;
			};
			name = Release;
		};
		DFA0741C2976D63600E0FF33 /* Debug */ = {
			isa = XCBuildConfiguration;
			buildSettings = {
				ASSETCATALOG_COMPILER_APPICON_NAME = AppIcon;
				ASSETCATALOG_COMPILER_GLOBAL_ACCENT_COLOR_NAME = AccentColor;
				CODE_SIGN_STYLE = Automatic;
				CURRENT_PROJECT_VERSION = 1;
				DEVELOPMENT_TEAM = 6QRST54W62;
				GENERATE_INFOPLIST_FILE = YES;
				INFOPLIST_FILE = Weathery/Info.plist;
				INFOPLIST_KEY_UIApplicationSupportsIndirectInputEvents = YES;
				INFOPLIST_KEY_UILaunchStoryboardName = LaunchScreen;
				INFOPLIST_KEY_UISupportedInterfaceOrientations_iPad = "UIInterfaceOrientationPortrait UIInterfaceOrientationPortraitUpsideDown UIInterfaceOrientationLandscapeLeft UIInterfaceOrientationLandscapeRight";
				INFOPLIST_KEY_UISupportedInterfaceOrientations_iPhone = "UIInterfaceOrientationPortrait UIInterfaceOrientationLandscapeLeft UIInterfaceOrientationLandscapeRight";
				LD_RUNPATH_SEARCH_PATHS = (
					"$(inherited)",
					"@executable_path/Frameworks",
				);
				MARKETING_VERSION = 1.0;
				PRODUCT_BUNDLE_IDENTIFIER = svb.otovinn.com.Weathery;
				PRODUCT_NAME = "$(TARGET_NAME)";
				SWIFT_EMIT_LOC_STRINGS = YES;
				SWIFT_VERSION = 5.0;
				TARGETED_DEVICE_FAMILY = "1,2";
			};
			name = Debug;
		};
		DFA0741D2976D63600E0FF33 /* Release */ = {
			isa = XCBuildConfiguration;
			buildSettings = {
				ASSETCATALOG_COMPILER_APPICON_NAME = AppIcon;
				ASSETCATALOG_COMPILER_GLOBAL_ACCENT_COLOR_NAME = AccentColor;
				CODE_SIGN_STYLE = Automatic;
				CURRENT_PROJECT_VERSION = 1;
				DEVELOPMENT_TEAM = 6QRST54W62;
				GENERATE_INFOPLIST_FILE = YES;
				INFOPLIST_FILE = Weathery/Info.plist;
				INFOPLIST_KEY_UIApplicationSupportsIndirectInputEvents = YES;
				INFOPLIST_KEY_UILaunchStoryboardName = LaunchScreen;
				INFOPLIST_KEY_UISupportedInterfaceOrientations_iPad = "UIInterfaceOrientationPortrait UIInterfaceOrientationPortraitUpsideDown UIInterfaceOrientationLandscapeLeft UIInterfaceOrientationLandscapeRight";
				INFOPLIST_KEY_UISupportedInterfaceOrientations_iPhone = "UIInterfaceOrientationPortrait UIInterfaceOrientationLandscapeLeft UIInterfaceOrientationLandscapeRight";
				LD_RUNPATH_SEARCH_PATHS = (
					"$(inherited)",
					"@executable_path/Frameworks",
				);
				MARKETING_VERSION = 1.0;
				PRODUCT_BUNDLE_IDENTIFIER = svb.otovinn.com.Weathery;
				PRODUCT_NAME = "$(TARGET_NAME)";
				SWIFT_EMIT_LOC_STRINGS = YES;
				SWIFT_VERSION = 5.0;
				TARGETED_DEVICE_FAMILY = "1,2";
			};
			name = Release;
		};
/* End XCBuildConfiguration section */

/* Begin XCConfigurationList section */
		DFA074022976D63500E0FF33 /* Build configuration list for PBXProject "Weathery" */ = {
			isa = XCConfigurationList;
			buildConfigurations = (
				DFA074192976D63600E0FF33 /* Debug */,
				DFA0741A2976D63600E0FF33 /* Release */,
			);
			defaultConfigurationIsVisible = 0;
			defaultConfigurationName = Release;
		};
		DFA0741B2976D63600E0FF33 /* Build configuration list for PBXNativeTarget "Weathery" */ = {
			isa = XCConfigurationList;
			buildConfigurations = (
				DFA0741C2976D63600E0FF33 /* Debug */,
				DFA0741D2976D63600E0FF33 /* Release */,
			);
			defaultConfigurationIsVisible = 0;
			defaultConfigurationName = Release;
		};
/* End XCConfigurationList section */

/* Begin XCRemoteSwiftPackageReference section */
		DFA0741E2976DEA800E0FF33 /* XCRemoteSwiftPackageReference "SnapKit" */ = {
			isa = XCRemoteSwiftPackageReference;
			repositoryURL = "https://github.com/SnapKit/SnapKit.git";
			requirement = {
				kind = upToNextMajorVersion;
				minimumVersion = 5.0.0;
			};
		};
/* End XCRemoteSwiftPackageReference section */

/* Begin XCSwiftPackageProductDependency section */
		DFA0741F2976DEA800E0FF33 /* SnapKit */ = {
			isa = XCSwiftPackageProductDependency;
			package = DFA0741E2976DEA800E0FF33 /* XCRemoteSwiftPackageReference "SnapKit" */;
			productName = SnapKit;
		};
/* End XCSwiftPackageProductDependency section */
	};
	rootObject = DFA073FF2976D63500E0FF33 /* Project object */;
}
